# THIS IS AN AUTOGENERATED FILE. DO NOT EDIT THIS FILE DIRECTLY.
# yarn lockfile v1


"@fortawesome/fontawesome-free@^5.12.1":
  version "5.12.1"
  resolved "https://registry.yarnpkg.com/@fortawesome/fontawesome-free/-/fontawesome-free-5.12.1.tgz#2a98fea9fbb8a606ddc79a4680034e9d5591c550"
  integrity sha512-ZtjIIFplxncqxvogq148C3hBLQE+W3iJ8E4UvJ09zIJUgzwLcROsWwFDErVSXY2Plzao5J9KUYNHKHMEUYDMKw==

simplelightbox@^2.1.2:
  version "2.1.2"
  resolved "https://registry.yarnpkg.com/simplelightbox/-/simplelightbox-2.1.2.tgz#93a41eeceb02666645a1d987b0de289877473fa9"
  integrity sha512-9h/apZ0ta08DZu04Azpdf/t1EZjQVyENfstnaIiyG/NLuz2ptFDmhwrqbygQqJ7Kw5I6ghgUZCH1D4AW9rfXBA==
